PODS:
  - Alamofire (5.6.2)
  - AlamofireImage (4.2.0):
    - Alamofire (~> 5.4)
  - ImageSlideshow (1.9.2):
    - ImageSlideshow/Core (= 1.9.2)
  - ImageSlideshow/Core (1.9.2)
  - RxCocoa (6.5.0):
    - RxRelay (= 6.5.0)
    - RxSwift (= 6.5.0)
  - RxRelay (6.5.0):
    - RxSwift (= 6.5.0)
  - RxSwift (6.5.0)
  - SwiftFormat/CLI (0.50.0)
  - SwiftLint (0.49.1)

DEPENDENCIES:
  - Alamofire
  - AlamofireImage
  - ImageSlideshow
  - RxCocoa
  - RxSwift
  - SwiftFormat/CLI
  - SwiftLint

SPEC REPOS:
  trunk:
    - Alamofire
    - AlamofireImage
    - ImageSlideshow
    - RxCocoa
    - RxRelay
    - RxSwift
    - SwiftFormat
    - SwiftLint

SPEC CHECKSUMS:
  Alamofire: d368e1ff8a298e6dde360e35a3e68e6c610e7204
  AlamofireImage: 34a2d90b0e5fe6a5605f85ae4b7b01e784c60192
  ImageSlideshow: be305b54eaf2b2cfc7a7141c7c734605d44dc07d
  RxCocoa: 94f817b71c07517321eb4f9ad299112ca8af743b
  RxRelay: 1de1523e604c72b6c68feadedd1af3b1b4d0ecbd
  RxSwift: 5710a9e6b17f3c3d6e40d6e559b9fa1e813b2ef8
  SwiftFormat: 1940d131999e956350ed7ff71542015c27776e33
  SwiftLint: 32ee33ded0636d0905ef6911b2b67bbaeeedafa5

PODFILE CHECKSUM: 97c8fcda7c95e6d3afa75c3043dff5fa85ca4bde

COCOAPODS: 1.11.3
